// !$*UTF8*$!
{
	archiveVersion = 1;
	classes = {
	};
	objectVersion = 46;
	objects = {

/* Begin PBXBuildFile section */
		1892085F1EC04A5E00245FAD /* ZFConst.m in Sources */ = {isa = PBXBuildFile; fileRef = 1892085E1EC04A5E00245FAD /* ZFConst.m */; };
		189208601EC04A5E00245FAD /* ZFConst.m in Sources */ = {isa = PBXBuildFile; fileRef = 1892085E1EC04A5E00245FAD /* ZFConst.m */; };
		189208641EC04AA900245FAD /* ZFMaskView.m in Sources */ = {isa = PBXBuildFile; fileRef = 189208631EC04AA900245FAD /* ZFMaskView.m */; };
		189208651EC04AA900245FAD /* ZFMaskView.m in Sources */ = {isa = PBXBuildFile; fileRef = 189208631EC04AA900245FAD /* ZFMaskView.m */; };
		1892086A1EC04B2600245FAD /* UIImage+Zirkfied.m in Sources */ = {isa = PBXBuildFile; fileRef = 189208691EC04B2600245FAD /* UIImage+Zirkfied.m */; };
		1892086B1EC04B2600245FAD /* UIImage+Zirkfied.m in Sources */ = {isa = PBXBuildFile; fileRef = 189208691EC04B2600245FAD /* UIImage+Zirkfied.m */; };
		1892086E1EC04B9B00245FAD /* UIColor+Zirkfied.m in Sources */ = {isa = PBXBuildFile; fileRef = 1892086D1EC04B9B00245FAD /* UIColor+Zirkfied.m */; };
		1892086F1EC04B9B00245FAD /* UIColor+Zirkfied.m in Sources */ = {isa = PBXBuildFile; fileRef = 1892086D1EC04B9B00245FAD /* UIColor+Zirkfied.m */; };
		18BD10ED1EC0095B00788E4D /* Down@2x.png in Resources */ = {isa = PBXBuildFile; fileRef = 18BD10EC1EC0095B00788E4D /* Down@2x.png */; };
		18BD10EE1EC0095B00788E4D /* Down@2x.png in Resources */ = {isa = PBXBuildFile; fileRef = 18BD10EC1EC0095B00788E4D /* Down@2x.png */; };
		18BD10F31EC0202A00788E4D /* Flashlight_N@2x.png in Resources */ = {isa = PBXBuildFile; fileRef = 18BD10F21EC0202A00788E4D /* Flashlight_N@2x.png */; };
		18BD10F41EC0202A00788E4D /* Flashlight_N@2x.png in Resources */ = {isa = PBXBuildFile; fileRef = 18BD10F21EC0202A00788E4D /* Flashlight_N@2x.png */; };
		18BD10FC1EC020A000788E4D /* Flashlight_H@2x.png in Resources */ = {isa = PBXBuildFile; fileRef = 18BD10FB1EC020A000788E4D /* Flashlight_H@2x.png */; };
		18BD10FD1EC020A000788E4D /* Flashlight_H@2x.png in Resources */ = {isa = PBXBuildFile; fileRef = 18BD10FB1EC020A000788E4D /* Flashlight_H@2x.png */; };
		18CEF7451C8EAA9000462665 /* main.m in Sources */ = {isa = PBXBuildFile; fileRef = 18CEF7441C8EAA9000462665 /* main.m */; };
		18CEF7481C8EAA9000462665 /* AppDelegate.m in Sources */ = {isa = PBXBuildFile; fileRef = 18CEF7471C8EAA9000462665 /* AppDelegate.m */; };
		18CEF74B1C8EAA9000462665 /* ScanViewController.m in Sources */ = {isa = PBXBuildFile; fileRef = 18CEF74A1C8EAA9000462665 /* ScanViewController.m */; };
		18CEF74E1C8EAA9000462665 /* Main.storyboard in Resources */ = {isa = PBXBuildFile; fileRef = 18CEF74C1C8EAA9000462665 /* Main.storyboard */; };
		18CEF7501C8EAA9000462665 /* Assets.xcassets in Resources */ = {isa = PBXBuildFile; fileRef = 18CEF74F1C8EAA9000462665 /* Assets.xcassets */; };
		18CEF7531C8EAA9000462665 /* LaunchScreen.storyboard in Resources */ = {isa = PBXBuildFile; fileRef = 18CEF7511C8EAA9000462665 /* LaunchScreen.storyboard */; };
		18CEF75E1C8EAA9000462665 /* ZFScanCodeTests.m in Sources */ = {isa = PBXBuildFile; fileRef = 18CEF75D1C8EAA9000462665 /* ZFScanCodeTests.m */; };
		18CEF7691C8EAA9000462665 /* ZFScanCodeUITests.m in Sources */ = {isa = PBXBuildFile; fileRef = 18CEF7681C8EAA9000462665 /* ZFScanCodeUITests.m */; };
		18CEF7831C8EAAA200462665 /* QRCodeScanLine@2x.png in Resources */ = {isa = PBXBuildFile; fileRef = 18CEF7781C8EAAA200462665 /* QRCodeScanLine@2x.png */; };
		18CEF7841C8EAAA200462665 /* ScanQR1@2x.png in Resources */ = {isa = PBXBuildFile; fileRef = 18CEF7791C8EAAA200462665 /* ScanQR1@2x.png */; };
		18CEF7851C8EAAA200462665 /* ScanQR2@2x.png in Resources */ = {isa = PBXBuildFile; fileRef = 18CEF77A1C8EAAA200462665 /* ScanQR2@2x.png */; };
		18CEF7861C8EAAA200462665 /* ScanQR3@2x.png in Resources */ = {isa = PBXBuildFile; fileRef = 18CEF77B1C8EAAA200462665 /* ScanQR3@2x.png */; };
		18CEF7871C8EAAA200462665 /* ScanQR4@2x.png in Resources */ = {isa = PBXBuildFile; fileRef = 18CEF77C1C8EAAA200462665 /* ScanQR4@2x.png */; };
		18CEF78A1C8EAAA200462665 /* ZFScanViewController.m in Sources */ = {isa = PBXBuildFile; fileRef = 18CEF7821C8EAAA200462665 /* ZFScanViewController.m */; };
		4E1BE57CFF4D76CB1D70F751 /* libPods-ZFScanCodeUITests.a in Frameworks */ = {isa = PBXBuildFile; fileRef = 28DCD8CF924BF545B1B74F89 /* libPods-ZFScanCodeUITests.a */; };
		5722AC760CFA773FCDD589B3 /* libPods-ZFScanCode.a in Frameworks */ = {isa = PBXBuildFile; fileRef = 00CB29BCCB0C7E2C31605CE9 /* libPods-ZFScanCode.a */; };
		C2FF34671F1C189CAB41A4AC /* libPods-ZFScanCodeTests.a in Frameworks */ = {isa = PBXBuildFile; fileRef = 1565EB57283CBBFB4974B36F /* libPods-ZFScanCodeTests.a */; };
		CB88D64A1F20423B00C85123 /* LibXL.framework in Frameworks */ = {isa = PBXBuildFile; fileRef = CB88D6491F20423B00C85123 /* LibXL.framework */; };
		CBEC4ED51F2058D90042F9D8 /* UIViewController+DXKit.m in Sources */ = {isa = PBXBuildFile; fileRef = CBEC4ED41F2058D90042F9D8 /* UIViewController+DXKit.m */; };
/* End PBXBuildFile section */

/* Begin PBXContainerItemProxy section */
		18CEF75A1C8EAA9000462665 /* PBXContainerItemProxy */ = {
			isa = PBXContainerItemProxy;
			containerPortal = 18CEF7381C8EAA9000462665 /* Project object */;
			proxyType = 1;
			remoteGlobalIDString = 18CEF73F1C8EAA9000462665;
			remoteInfo = ZFScanCode;
		};
		18CEF7651C8EAA9000462665 /* PBXContainerItemProxy */ = {
			isa = PBXContainerItemProxy;
			containerPortal = 18CEF7381C8EAA9000462665 /* Project object */;
			proxyType = 1;
			remoteGlobalIDString = 18CEF73F1C8EAA9000462665;
			remoteInfo = ZFScanCode;
		};
/* End PBXContainerItemProxy section */

/* Begin PBXFileReference section */
		00CB29BCCB0C7E2C31605CE9 /* libPods-ZFScanCode.a */ = {isa = PBXFileReference; explicitFileType = archive.ar; includeInIndex = 0; path = "libPods-ZFScanCode.a"; sourceTree = BUILT_PRODUCTS_DIR; };
		1565EB57283CBBFB4974B36F /* libPods-ZFScanCodeTests.a */ = {isa = PBXFileReference; explicitFileType = archive.ar; includeInIndex = 0; path = "libPods-ZFScanCodeTests.a"; sourceTree = BUILT_PRODUCTS_DIR; };
		1892085C1EC04A5E00245FAD /* ZFColor.h */ = {isa = PBXFileReference; fileEncoding = 4; lastKnownFileType = sourcecode.c.h; path = ZFColor.h; sourceTree = "<group>"; };
		1892085D1EC04A5E00245FAD /* ZFConst.h */ = {isa = PBXFileReference; fileEncoding = 4; lastKnownFileType = sourcecode.c.h; path = ZFConst.h; sourceTree = "<group>"; };
		1892085E1EC04A5E00245FAD /* ZFConst.m */ = {isa = PBXFileReference; fileEncoding = 4; lastKnownFileType = sourcecode.c.objc; path = ZFConst.m; sourceTree = "<group>"; };
		189208621EC04AA900245FAD /* ZFMaskView.h */ = {isa = PBXFileReference; fileEncoding = 4; lastKnownFileType = sourcecode.c.h; path = ZFMaskView.h; sourceTree = "<group>"; };
		189208631EC04AA900245FAD /* ZFMaskView.m */ = {isa = PBXFileReference; fileEncoding = 4; lastKnownFileType = sourcecode.c.objc; path = ZFMaskView.m; sourceTree = "<group>"; };
		189208681EC04B2600245FAD /* UIImage+Zirkfied.h */ = {isa = PBXFileReference; fileEncoding = 4; lastKnownFileType = sourcecode.c.h; path = "UIImage+Zirkfied.h"; sourceTree = "<group>"; };
		189208691EC04B2600245FAD /* UIImage+Zirkfied.m */ = {isa = PBXFileReference; fileEncoding = 4; lastKnownFileType = sourcecode.c.objc; path = "UIImage+Zirkfied.m"; sourceTree = "<group>"; };
		1892086C1EC04B9B00245FAD /* UIColor+Zirkfied.h */ = {isa = PBXFileReference; fileEncoding = 4; lastKnownFileType = sourcecode.c.h; path = "UIColor+Zirkfied.h"; sourceTree = "<group>"; };
		1892086D1EC04B9B00245FAD /* UIColor+Zirkfied.m */ = {isa = PBXFileReference; fileEncoding = 4; lastKnownFileType = sourcecode.c.objc; path = "UIColor+Zirkfied.m"; sourceTree = "<group>"; };
		18BD10EC1EC0095B00788E4D /* Down@2x.png */ = {isa = PBXFileReference; lastKnownFileType = image.png; path = "Down@2x.png"; sourceTree = "<group>"; };
		18BD10F21EC0202A00788E4D /* Flashlight_N@2x.png */ = {isa = PBXFileReference; lastKnownFileType = image.png; path = "Flashlight_N@2x.png"; sourceTree = "<group>"; };
		18BD10FB1EC020A000788E4D /* Flashlight_H@2x.png */ = {isa = PBXFileReference; lastKnownFileType = image.png; path = "Flashlight_H@2x.png"; sourceTree = "<group>"; };
		18CEF7401C8EAA9000462665 /* ZFScanCode.app */ = {isa = PBXFileReference; explicitFileType = wrapper.application; includeInIndex = 0; path = ZFScanCode.app; sourceTree = BUILT_PRODUCTS_DIR; };
		18CEF7441C8EAA9000462665 /* main.m */ = {isa = PBXFileReference; lastKnownFileType = sourcecode.c.objc; path = main.m; sourceTree = "<group>"; };
		18CEF7461C8EAA9000462665 /* AppDelegate.h */ = {isa = PBXFileReference; lastKnownFileType = sourcecode.c.h; path = AppDelegate.h; sourceTree = "<group>"; };
		18CEF7471C8EAA9000462665 /* AppDelegate.m */ = {isa = PBXFileReference; lastKnownFileType = sourcecode.c.objc; path = AppDelegate.m; sourceTree = "<group>"; };
		18CEF7491C8EAA9000462665 /* ScanViewController.h */ = {isa = PBXFileReference; lastKnownFileType = sourcecode.c.h; path = ScanViewController.h; sourceTree = "<group>"; };
		18CEF74A1C8EAA9000462665 /* ScanViewController.m */ = {isa = PBXFileReference; lastKnownFileType = sourcecode.c.objc; path = ScanViewController.m; sourceTree = "<group>"; };
		18CEF74D1C8EAA9000462665 /* Base */ = {isa = PBXFileReference; lastKnownFileType = file.storyboard; name = Base; path = Base.lproj/Main.storyboard; sourceTree = "<group>"; };
		18CEF74F1C8EAA9000462665 /* Assets.xcassets */ = {isa = PBXFileReference; lastKnownFileType = folder.assetcatalog; path = Assets.xcassets; sourceTree = "<group>"; };
		18CEF7521C8EAA9000462665 /* Base */ = {isa = PBXFileReference; lastKnownFileType = file.storyboard; name = Base; path = Base.lproj/LaunchScreen.storyboard; sourceTree = "<group>"; };
		18CEF7541C8EAA9000462665 /* Info.plist */ = {isa = PBXFileReference; lastKnownFileType = text.plist.xml; path = Info.plist; sourceTree = "<group>"; };
		18CEF7591C8EAA9000462665 /* ZFScanCodeTests.xctest */ = {isa = PBXFileReference; explicitFileType = wrapper.cfbundle; includeInIndex = 0; path = ZFScanCodeTests.xctest; sourceTree = BUILT_PRODUCTS_DIR; };
		18CEF75D1C8EAA9000462665 /* ZFScanCodeTests.m */ = {isa = PBXFileReference; lastKnownFileType = sourcecode.c.objc; path = ZFScanCodeTests.m; sourceTree = "<group>"; };
		18CEF75F1C8EAA9000462665 /* Info.plist */ = {isa = PBXFileReference; lastKnownFileType = text.plist.xml; path = Info.plist; sourceTree = "<group>"; };
		18CEF7641C8EAA9000462665 /* ZFScanCodeUITests.xctest */ = {isa = PBXFileReference; explicitFileType = wrapper.cfbundle; includeInIndex = 0; path = ZFScanCodeUITests.xctest; sourceTree = BUILT_PRODUCTS_DIR; };
		18CEF7681C8EAA9000462665 /* ZFScanCodeUITests.m */ = {isa = PBXFileReference; lastKnownFileType = sourcecode.c.objc; path = ZFScanCodeUITests.m; sourceTree = "<group>"; };
		18CEF76A1C8EAA9000462665 /* Info.plist */ = {isa = PBXFileReference; lastKnownFileType = text.plist.xml; path = Info.plist; sourceTree = "<group>"; };
		18CEF7781C8EAAA200462665 /* QRCodeScanLine@2x.png */ = {isa = PBXFileReference; lastKnownFileType = image.png; path = "QRCodeScanLine@2x.png"; sourceTree = "<group>"; };
		18CEF7791C8EAAA200462665 /* ScanQR1@2x.png */ = {isa = PBXFileReference; lastKnownFileType = image.png; path = "ScanQR1@2x.png"; sourceTree = "<group>"; };
		18CEF77A1C8EAAA200462665 /* ScanQR2@2x.png */ = {isa = PBXFileReference; lastKnownFileType = image.png; path = "ScanQR2@2x.png"; sourceTree = "<group>"; };
		18CEF77B1C8EAAA200462665 /* ScanQR3@2x.png */ = {isa = PBXFileReference; lastKnownFileType = image.png; path = "ScanQR3@2x.png"; sourceTree = "<group>"; };
		18CEF77C1C8EAAA200462665 /* ScanQR4@2x.png */ = {isa = PBXFileReference; lastKnownFileType = image.png; path = "ScanQR4@2x.png"; sourceTree = "<group>"; };
		18CEF7811C8EAAA200462665 /* ZFScanViewController.h */ = {isa = PBXFileReference; fileEncoding = 4; lastKnownFileType = sourcecode.c.h; path = ZFScanViewController.h; sourceTree = "<group>"; };
		18CEF7821C8EAAA200462665 /* ZFScanViewController.m */ = {isa = PBXFileReference; fileEncoding = 4; lastKnownFileType = sourcecode.c.objc; path = ZFScanViewController.m; sourceTree = "<group>"; };
		21B0E719F8CFBB13928C7808 /* Pods-ZFScanCodeTests.debug.xcconfig */ = {isa = PBXFileReference; includeInIndex = 1; lastKnownFileType = text.xcconfig; name = "Pods-ZFScanCodeTests.debug.xcconfig"; path = "Pods/Target Support Files/Pods-ZFScanCodeTests/Pods-ZFScanCodeTests.debug.xcconfig"; sourceTree = "<group>"; };
		28DCD8CF924BF545B1B74F89 /* libPods-ZFScanCodeUITests.a */ = {isa = PBXFileReference; explicitFileType = archive.ar; includeInIndex = 0; path = "libPods-ZFScanCodeUITests.a"; sourceTree = BUILT_PRODUCTS_DIR; };
		37CBE9AADE4D2A200E2A0B03 /* Pods-ZFScanCodeTests.release.xcconfig */ = {isa = PBXFileReference; includeInIndex = 1; lastKnownFileType = text.xcconfig; name = "Pods-ZFScanCodeTests.release.xcconfig"; path = "Pods/Target Support Files/Pods-ZFScanCodeTests/Pods-ZFScanCodeTests.release.xcconfig"; sourceTree = "<group>"; };
		7A72705ED0B5EDBA98660C43 /* Pods-ZFScanCodeUITests.release.xcconfig */ = {isa = PBXFileReference; includeInIndex = 1; lastKnownFileType = text.xcconfig; name = "Pods-ZFScanCodeUITests.release.xcconfig"; path = "Pods/Target Support Files/Pods-ZFScanCodeUITests/Pods-ZFScanCodeUITests.release.xcconfig"; sourceTree = "<group>"; };
		A4938A8C389F180B497A34FA /* Pods-ZFScanCodeUITests.debug.xcconfig */ = {isa = PBXFileReference; includeInIndex = 1; lastKnownFileType = text.xcconfig; name = "Pods-ZFScanCodeUITests.debug.xcconfig"; path = "Pods/Target Support Files/Pods-ZFScanCodeUITests/Pods-ZFScanCodeUITests.debug.xcconfig"; sourceTree = "<group>"; };
		CB88D6491F20423B00C85123 /* LibXL.framework */ = {isa = PBXFileReference; lastKnownFileType = wrapper.framework; name = LibXL.framework; path = ../../../../sdk/LibXL.framework; sourceTree = "<group>"; };
		CBEC4ECB1F204EAE0042F9D8 /* libz.tbd */ = {isa = PBXFileReference; lastKnownFileType = "sourcecode.text-based-dylib-definition"; name = libz.tbd; path = usr/lib/libz.tbd; sourceTree = SDKROOT; };
		CBEC4ECD1F204FC50042F9D8 /* libxml2.tbd */ = {isa = PBXFileReference; lastKnownFileType = "sourcecode.text-based-dylib-definition"; name = libxml2.tbd; path = usr/lib/libxml2.tbd; sourceTree = SDKROOT; };
		CBEC4ECF1F204FD10042F9D8 /* CFNetwork.framework */ = {isa = PBXFileReference; lastKnownFileType = wrapper.framework; name = CFNetwork.framework; path = System/Library/Frameworks/CFNetwork.framework; sourceTree = SDKROOT; };
		CBEC4ED11F204FDC0042F9D8 /* MobileCoreServices.framework */ = {isa = PBXFileReference; lastKnownFileType = wrapper.framework; name = MobileCoreServices.framework; path = System/Library/Frameworks/MobileCoreServices.framework; sourceTree = SDKROOT; };
		CBEC4ED31F2058D90042F9D8 /* UIViewController+DXKit.h */ = {isa = PBXFileReference; fileEncoding = 4; lastKnownFileType = sourcecode.c.h; path = "UIViewController+DXKit.h"; sourceTree = "<group>"; };
		CBEC4ED41F2058D90042F9D8 /* UIViewController+DXKit.m */ = {isa = PBXFileReference; fileEncoding = 4; lastKnownFileType = sourcecode.c.objc; path = "UIViewController+DXKit.m"; sourceTree = "<group>"; };
		E1353A8F5443570D4C0F8A85 /* Pods-ZFScanCode.release.xcconfig */ = {isa = PBXFileReference; includeInIndex = 1; lastKnownFileType = text.xcconfig; name = "Pods-ZFScanCode.release.xcconfig"; path = "Pods/Target Support Files/Pods-ZFScanCode/Pods-ZFScanCode.release.xcconfig"; sourceTree = "<group>"; };
		F7262D3E1E07F710C72C303F /* Pods-ZFScanCode.debug.xcconfig */ = {isa = PBXFileReference; includeInIndex = 1; lastKnownFileType = text.xcconfig; name = "Pods-ZFScanCode.debug.xcconfig"; path = "Pods/Target Support Files/Pods-ZFScanCode/Pods-ZFScanCode.debug.xcconfig"; sourceTree = "<group>"; };
/* End PBXFileReference section */

/* Begin PBXFrameworksBuildPhase section */
		18CEF73D1C8EAA9000462665 /* Frameworks */ = {
			isa = PBXFrameworksBuildPhase;
			buildActionMask = 2147483647;
			files = (
				CB88D64A1F20423B00C85123 /* LibXL.framework in Frameworks */,
				5722AC760CFA773FCDD589B3 /* libPods-ZFScanCode.a in Frameworks */,
			);
			runOnlyForDeploymentPostprocessing = 0;
		};
		18CEF7561C8EAA9000462665 /* Frameworks */ = {
			isa = PBXFrameworksBuildPhase;
			buildActionMask = 2147483647;
			files = (
				C2FF34671F1C189CAB41A4AC /* libPods-ZFScanCodeTests.a in Frameworks */,
			);
			runOnlyForDeploymentPostprocessing = 0;
		};
		18CEF7611C8EAA9000462665 /* Frameworks */ = {
			isa = PBXFrameworksBuildPhase;
			buildActionMask = 2147483647;
			files = (
				4E1BE57CFF4D76CB1D70F751 /* libPods-ZFScanCodeUITests.a in Frameworks */,
			);
			runOnlyForDeploymentPostprocessing = 0;
		};
/* End PBXFrameworksBuildPhase section */

/* Begin PBXGroup section */
		1892085B1EC04A5E00245FAD /* Other */ = {
			isa = PBXGroup;
			children = (
				1892085C1EC04A5E00245FAD /* ZFColor.h */,
				1892085D1EC04A5E00245FAD /* ZFConst.h */,
				1892085E1EC04A5E00245FAD /* ZFConst.m */,
			);
			path = Other;
			sourceTree = "<group>";
		};
		189208611EC04AA900245FAD /* CustomView */ = {
			isa = PBXGroup;
			children = (
				189208621EC04AA900245FAD /* ZFMaskView.h */,
				189208631EC04AA900245FAD /* ZFMaskView.m */,
			);
			path = CustomView;
			sourceTree = "<group>";
		};
		189208671EC04B2600245FAD /* Category */ = {
			isa = PBXGroup;
			children = (
				1892086C1EC04B9B00245FAD /* UIColor+Zirkfied.h */,
				1892086D1EC04B9B00245FAD /* UIColor+Zirkfied.m */,
				189208681EC04B2600245FAD /* UIImage+Zirkfied.h */,
				189208691EC04B2600245FAD /* UIImage+Zirkfied.m */,
			);
			path = Category;
			sourceTree = "<group>";
		};
		18CEF7371C8EAA9000462665 = {
			isa = PBXGroup;
			children = (
				18CEF7421C8EAA9000462665 /* ZFScanCode */,
				18CEF75C1C8EAA9000462665 /* ZFScanCodeTests */,
				18CEF7671C8EAA9000462665 /* ZFScanCodeUITests */,
				18CEF7411C8EAA9000462665 /* Products */,
				FE68A5BF14539CCB7884F84F /* Pods */,
				83B263F8ACC1EA6729D75BC4 /* Frameworks */,
			);
			sourceTree = "<group>";
		};
		18CEF7411C8EAA9000462665 /* Products */ = {
			isa = PBXGroup;
			children = (
				18CEF7401C8EAA9000462665 /* ZFScanCode.app */,
				18CEF7591C8EAA9000462665 /* ZFScanCodeTests.xctest */,
				18CEF7641C8EAA9000462665 /* ZFScanCodeUITests.xctest */,
			);
			name = Products;
			sourceTree = "<group>";
		};
		18CEF7421C8EAA9000462665 /* ZFScanCode */ = {
			isa = PBXGroup;
			children = (
				18CEF7461C8EAA9000462665 /* AppDelegate.h */,
				18CEF7471C8EAA9000462665 /* AppDelegate.m */,
				18CEF7491C8EAA9000462665 /* ScanViewController.h */,
				18CEF74A1C8EAA9000462665 /* ScanViewController.m */,
				CBEC4ED31F2058D90042F9D8 /* UIViewController+DXKit.h */,
				CBEC4ED41F2058D90042F9D8 /* UIViewController+DXKit.m */,
				18CEF74C1C8EAA9000462665 /* Main.storyboard */,
				18CEF7761C8EAAA200462665 /* ZFScan */,
				18CEF74F1C8EAA9000462665 /* Assets.xcassets */,
				18CEF7511C8EAA9000462665 /* LaunchScreen.storyboard */,
				18CEF7541C8EAA9000462665 /* Info.plist */,
				CB88D6481F20422600C85123 /* lib */,
				18CEF7431C8EAA9000462665 /* Supporting Files */,
			);
			path = ZFScanCode;
			sourceTree = "<group>";
		};
		18CEF7431C8EAA9000462665 /* Supporting Files */ = {
			isa = PBXGroup;
			children = (
				18CEF7441C8EAA9000462665 /* main.m */,
			);
			name = "Supporting Files";
			sourceTree = "<group>";
		};
		18CEF75C1C8EAA9000462665 /* ZFScanCodeTests */ = {
			isa = PBXGroup;
			children = (
				18CEF75D1C8EAA9000462665 /* ZFScanCodeTests.m */,
				18CEF75F1C8EAA9000462665 /* Info.plist */,
			);
			path = ZFScanCodeTests;
			sourceTree = "<group>";
		};
		18CEF7671C8EAA9000462665 /* ZFScanCodeUITests */ = {
			isa = PBXGroup;
			children = (
				18CEF7681C8EAA9000462665 /* ZFScanCodeUITests.m */,
				18CEF76A1C8EAA9000462665 /* Info.plist */,
			);
			path = ZFScanCodeUITests;
			sourceTree = "<group>";
		};
		18CEF7761C8EAAA200462665 /* ZFScan */ = {
			isa = PBXGroup;
			children = (
				18CEF7811C8EAAA200462665 /* ZFScanViewController.h */,
				18CEF7821C8EAAA200462665 /* ZFScanViewController.m */,
				189208611EC04AA900245FAD /* CustomView */,
				1892085B1EC04A5E00245FAD /* Other */,
				189208671EC04B2600245FAD /* Category */,
				18CEF7771C8EAAA200462665 /* resource */,
			);
			path = ZFScan;
			sourceTree = "<group>";
		};
		18CEF7771C8EAAA200462665 /* resource */ = {
			isa = PBXGroup;
			children = (
				18CEF7781C8EAAA200462665 /* QRCodeScanLine@2x.png */,
				18CEF7791C8EAAA200462665 /* ScanQR1@2x.png */,
				18CEF77A1C8EAAA200462665 /* ScanQR2@2x.png */,
				18CEF77B1C8EAAA200462665 /* ScanQR3@2x.png */,
				18CEF77C1C8EAAA200462665 /* ScanQR4@2x.png */,
				18BD10F21EC0202A00788E4D /* Flashlight_N@2x.png */,
				18BD10FB1EC020A000788E4D /* Flashlight_H@2x.png */,
				18BD10EC1EC0095B00788E4D /* Down@2x.png */,
			);
			path = resource;
			sourceTree = "<group>";
		};
		83B263F8ACC1EA6729D75BC4 /* Frameworks */ = {
			isa = PBXGroup;
			children = (
				CBEC4ED11F204FDC0042F9D8 /* MobileCoreServices.framework */,
				CBEC4ECF1F204FD10042F9D8 /* CFNetwork.framework */,
				CBEC4ECD1F204FC50042F9D8 /* libxml2.tbd */,
				CBEC4ECB1F204EAE0042F9D8 /* libz.tbd */,
				00CB29BCCB0C7E2C31605CE9 /* libPods-ZFScanCode.a */,
				1565EB57283CBBFB4974B36F /* libPods-ZFScanCodeTests.a */,
				28DCD8CF924BF545B1B74F89 /* libPods-ZFScanCodeUITests.a */,
			);
			name = Frameworks;
			sourceTree = "<group>";
		};
		CB88D6481F20422600C85123 /* lib */ = {
			isa = PBXGroup;
			children = (
				CB88D6491F20423B00C85123 /* LibXL.framework */,
			);
			name = lib;
			sourceTree = "<group>";
		};
		FE68A5BF14539CCB7884F84F /* Pods */ = {
			isa = PBXGroup;
			children = (
				F7262D3E1E07F710C72C303F /* Pods-ZFScanCode.debug.xcconfig */,
				E1353A8F5443570D4C0F8A85 /* Pods-ZFScanCode.release.xcconfig */,
				21B0E719F8CFBB13928C7808 /* Pods-ZFScanCodeTests.debug.xcconfig */,
				37CBE9AADE4D2A200E2A0B03 /* Pods-ZFScanCodeTests.release.xcconfig */,
				A4938A8C389F180B497A34FA /* Pods-ZFScanCodeUITests.debug.xcconfig */,
				7A72705ED0B5EDBA98660C43 /* Pods-ZFScanCodeUITests.release.xcconfig */,
			);
			name = Pods;
			sourceTree = "<group>";
		};
/* End PBXGroup section */

/* Begin PBXNativeTarget section */
		18CEF73F1C8EAA9000462665 /* ZFScanCode */ = {
			isa = PBXNativeTarget;
			buildConfigurationList = 18CEF76D1C8EAA9000462665 /* Build configuration list for PBXNativeTarget "ZFScanCode" */;
			buildPhases = (
				76ED5ECA0BB8FBE22D5BC4B4 /* [CP] Check Pods Manifest.lock */,
				18CEF73C1C8EAA9000462665 /* Sources */,
				18CEF73D1C8EAA9000462665 /* Frameworks */,
				18CEF73E1C8EAA9000462665 /* Resources */,
				F0E5EF263AB267C1103F2012 /* [CP] Embed Pods Frameworks */,
				B60DD49F79711F690F6FAEEE /* [CP] Copy Pods Resources */,
			);
			buildRules = (
			);
			dependencies = (
			);
			name = ZFScanCode;
			productName = ZFScanCode;
			productReference = 18CEF7401C8EAA9000462665 /* ZFScanCode.app */;
			productType = "com.apple.product-type.application";
		};
		18CEF7581C8EAA9000462665 /* ZFScanCodeTests */ = {
			isa = PBXNativeTarget;
			buildConfigurationList = 18CEF7701C8EAA9000462665 /* Build configuration list for PBXNativeTarget "ZFScanCodeTests" */;
			buildPhases = (
				AA6A01C18987FBAC58301872 /* [CP] Check Pods Manifest.lock */,
				18CEF7551C8EAA9000462665 /* Sources */,
				18CEF7561C8EAA9000462665 /* Frameworks */,
				18CEF7571C8EAA9000462665 /* Resources */,
				60580F30E6F89ABEF6AB2CAE /* [CP] Embed Pods Frameworks */,
				7F7A3C93B5CC34F7DB7B50EC /* [CP] Copy Pods Resources */,
			);
			buildRules = (
			);
			dependencies = (
				18CEF75B1C8EAA9000462665 /* PBXTargetDependency */,
			);
			name = ZFScanCodeTests;
			productName = ZFScanCodeTests;
			productReference = 18CEF7591C8EAA9000462665 /* ZFScanCodeTests.xctest */;
			productType = "com.apple.product-type.bundle.unit-test";
		};
		18CEF7631C8EAA9000462665 /* ZFScanCodeUITests */ = {
			isa = PBXNativeTarget;
			buildConfigurationList = 18CEF7731C8EAA9000462665 /* Build configuration list for PBXNativeTarget "ZFScanCodeUITests" */;
			buildPhases = (
				2C845A6DC462951DA9354D7F /* [CP] Check Pods Manifest.lock */,
				18CEF7601C8EAA9000462665 /* Sources */,
				18CEF7611C8EAA9000462665 /* Frameworks */,
				18CEF7621C8EAA9000462665 /* Resources */,
				5C72CCD1DD1129A332A1D0DC /* [CP] Embed Pods Frameworks */,
				BA082B90F171152CFE117EB7 /* [CP] Copy Pods Resources */,
			);
			buildRules = (
			);
			dependencies = (
				18CEF7661C8EAA9000462665 /* PBXTargetDependency */,
			);
			name = ZFScanCodeUITests;
			productName = ZFScanCodeUITests;
			productReference = 18CEF7641C8EAA9000462665 /* ZFScanCodeUITests.xctest */;
			productType = "com.apple.product-type.bundle.ui-testing";
		};
/* End PBXNativeTarget section */

/* Begin PBXProject section */
		18CEF7381C8EAA9000462665 /* Project object */ = {
			isa = PBXProject;
			attributes = {
				LastUpgradeCheck = 0720;
				ORGANIZATIONNAME = apple;
				TargetAttributes = {
					18CEF73F1C8EAA9000462665 = {
						CreatedOnToolsVersion = 7.2;
						DevelopmentTeam = EC6FBWH346;
						ProvisioningStyle = Manual;
					};
					18CEF7581C8EAA9000462665 = {
						CreatedOnToolsVersion = 7.2;
						TestTargetID = 18CEF73F1C8EAA9000462665;
					};
					18CEF7631C8EAA9000462665 = {
						CreatedOnToolsVersion = 7.2;
						TestTargetID = 18CEF73F1C8EAA9000462665;
					};
				};
			};
			buildConfigurationList = 18CEF73B1C8EAA9000462665 /* Build configuration list for PBXProject "ZFScanCode" */;
			compatibilityVersion = "Xcode 3.2";
			developmentRegion = English;
			hasScannedForEncodings = 0;
			knownRegions = (
				en,
				Base,
			);
			mainGroup = 18CEF7371C8EAA9000462665;
			productRefGroup = 18CEF7411C8EAA9000462665 /* Products */;
			projectDirPath = "";
			projectRoot = "";
			targets = (
				18CEF73F1C8EAA9000462665 /* ZFScanCode */,
				18CEF7581C8EAA9000462665 /* ZFScanCodeTests */,
				18CEF7631C8EAA9000462665 /* ZFScanCodeUITests */,
			);
		};
/* End PBXProject section */

/* Begin PBXResourcesBuildPhase section */
		18CEF73E1C8EAA9000462665 /* Resources */ = {
			isa = PBXResourcesBuildPhase;
			buildActionMask = 2147483647;
			files = (
				18CEF7841C8EAAA200462665 /* ScanQR1@2x.png in Resources */,
				18BD10F31EC0202A00788E4D /* Flashlight_N@2x.png in Resources */,
				18BD10FC1EC020A000788E4D /* Flashlight_H@2x.png in Resources */,
				18CEF7861C8EAAA200462665 /* ScanQR3@2x.png in Resources */,
				18CEF7851C8EAAA200462665 /* ScanQR2@2x.png in Resources */,
				18CEF7531C8EAA9000462665 /* LaunchScreen.storyboard in Resources */,
				18CEF7831C8EAAA200462665 /* QRCodeScanLine@2x.png in Resources */,
				18CEF7501C8EAA9000462665 /* Assets.xcassets in Resources */,
				18CEF74E1C8EAA9000462665 /* Main.storyboard in Resources */,
				18BD10ED1EC0095B00788E4D /* Down@2x.png in Resources */,
				18CEF7871C8EAAA200462665 /* ScanQR4@2x.png in Resources */,
			);
			runOnlyForDeploymentPostprocessing = 0;
		};
		18CEF7571C8EAA9000462665 /* Resources */ = {
			isa = PBXResourcesBuildPhase;
			buildActionMask = 2147483647;
			files = (
				18BD10FD1EC020A000788E4D /* Flashlight_H@2x.png in Resources */,
				18BD10EE1EC0095B00788E4D /* Down@2x.png in Resources */,
				18BD10F41EC0202A00788E4D /* Flashlight_N@2x.png in Resources */,
			);
			runOnlyForDeploymentPostprocessing = 0;
		};
		18CEF7621C8EAA9000462665 /* Resources */ = {
			isa = PBXResourcesBuildPhase;
			buildActionMask = 2147483647;
			files = (
			);
			runOnlyForDeploymentPostprocessing = 0;
		};
/* End PBXResourcesBuildPhase section */

/* Begin PBXShellScriptBuildPhase section */
		2C845A6DC462951DA9354D7F /* [CP] Check Pods Manifest.lock */ = {
			isa = PBXShellScriptBuildPhase;
			buildActionMask = 2147483647;
			files = (
			);
			inputPaths = (
			);
			name = "[CP] Check Pods Manifest.lock";
			outputPaths = (
			);
			runOnlyForDeploymentPostprocessing = 0;
			shellPath = /bin/sh;
			shellScript = "diff \"${PODS_ROOT}/../Podfile.lock\" \"${PODS_ROOT}/Manifest.lock\" > /dev/null\nif [ $? != 0 ] ; then\n    # print error to STDERR\n    echo \"error: The sandbox is not in sync with the Podfile.lock. Run 'pod install' or update your CocoaPods installation.\" >&2\n    exit 1\nfi\n";
			showEnvVarsInLog = 0;
		};
		5C72CCD1DD1129A332A1D0DC /* [CP] Embed Pods Frameworks */ = {
			isa = PBXShellScriptBuildPhase;
			buildActionMask = 2147483647;
			files = (
			);
			inputPaths = (
			);
			name = "[CP] Embed Pods Frameworks";
			outputPaths = (
			);
			runOnlyForDeploymentPostprocessing = 0;
			shellPath = /bin/sh;
			shellScript = "\"${SRCROOT}/Pods/Target Support Files/Pods-ZFScanCodeUITests/Pods-ZFScanCodeUITests-frameworks.sh\"\n";
			showEnvVarsInLog = 0;
		};
		60580F30E6F89ABEF6AB2CAE /* [CP] Embed Pods Frameworks */ = {
			isa = PBXShellScriptBuildPhase;
			buildActionMask = 2147483647;
			files = (
			);
			inputPaths = (
			);
			name = "[CP] Embed Pods Frameworks";
			outputPaths = (
			);
			runOnlyForDeploymentPostprocessing = 0;
			shellPath = /bin/sh;
			shellScript = "\"${SRCROOT}/Pods/Target Support Files/Pods-ZFScanCodeTests/Pods-ZFScanCodeTests-frameworks.sh\"\n";
			showEnvVarsInLog = 0;
		};
		76ED5ECA0BB8FBE22D5BC4B4 /* [CP] Check Pods Manifest.lock */ = {
			isa = PBXShellScriptBuildPhase;
			buildActionMask = 2147483647;
			files = (
			);
			inputPaths = (
			);
			name = "[CP] Check Pods Manifest.lock";
			outputPaths = (
			);
			runOnlyForDeploymentPostprocessing = 0;
			shellPath = /bin/sh;
			shellScript = "diff \"${PODS_ROOT}/../Podfile.lock\" \"${PODS_ROOT}/Manifest.lock\" > /dev/null\nif [ $? != 0 ] ; then\n    # print error to STDERR\n    echo \"error: The sandbox is not in sync with the Podfile.lock. Run 'pod install' or update your CocoaPods installation.\" >&2\n    exit 1\nfi\n";
			showEnvVarsInLog = 0;
		};
		7F7A3C93B5CC34F7DB7B50EC /* [CP] Copy Pods Resources */ = {
			isa = PBXShellScriptBuildPhase;
			buildActionMask = 2147483647;
			files = (
			);
			inputPaths = (
			);
			name = "[CP] Copy Pods Resources";
			outputPaths = (
			);
			runOnlyForDeploymentPostprocessing = 0;
			shellPath = /bin/sh;
			shellScript = "\"${SRCROOT}/Pods/Target Support Files/Pods-ZFScanCodeTests/Pods-ZFScanCodeTests-resources.sh\"\n";
			showEnvVarsInLog = 0;
		};
		AA6A01C18987FBAC58301872 /* [CP] Check Pods Manifest.lock */ = {
			isa = PBXShellScriptBuildPhase;
			buildActionMask = 2147483647;
			files = (
			);
			inputPaths = (
			);
			name = "[CP] Check Pods Manifest.lock";
			outputPaths = (
			);
			runOnlyForDeploymentPostprocessing = 0;
			shellPath = /bin/sh;
			shellScript = "diff \"${PODS_ROOT}/../Podfile.lock\" \"${PODS_ROOT}/Manifest.lock\" > /dev/null\nif [ $? != 0 ] ; then\n    # print error to STDERR\n    echo \"error: The sandbox is not in sync with the Podfile.lock. Run 'pod install' or update your CocoaPods installation.\" >&2\n    exit 1\nfi\n";
			showEnvVarsInLog = 0;
		};
		B60DD49F79711F690F6FAEEE /* [CP] Copy Pods Resources */ = {
			isa = PBXShellScriptBuildPhase;
			buildActionMask = 2147483647;
			files = (
			);
			inputPaths = (
			);
			name = "[CP] Copy Pods Resources";
			outputPaths = (
			);
			runOnlyForDeploymentPostprocessing = 0;
			shellPath = /bin/sh;
			shellScript = "\"${SRCROOT}/Pods/Target Support Files/Pods-ZFScanCode/Pods-ZFScanCode-resources.sh\"\n";
			showEnvVarsInLog = 0;
		};
		BA082B90F171152CFE117EB7 /* [CP] Copy Pods Resources */ = {
			isa = PBXShellScriptBuildPhase;
			buildActionMask = 2147483647;
			files = (
			);
			inputPaths = (
			);
			name = "[CP] Copy Pods Resources";
			outputPaths = (
			);
			runOnlyForDeploymentPostprocessing = 0;
			shellPath = /bin/sh;
			shellScript = "\"${SRCROOT}/Pods/Target Support Files/Pods-ZFScanCodeUITests/Pods-ZFScanCodeUITests-resources.sh\"\n";
			showEnvVarsInLog = 0;
		};
		F0E5EF263AB267C1103F2012 /* [CP] Embed Pods Frameworks */ = {
			isa = PBXShellScriptBuildPhase;
			buildActionMask = 2147483647;
			files = (
			);
			inputPaths = (
			);
			name = "[CP] Embed Pods Frameworks";
			outputPaths = (
			);
			runOnlyForDeploymentPostprocessing = 0;
			shellPath = /bin/sh;
			shellScript = "\"${SRCROOT}/Pods/Target Support Files/Pods-ZFScanCode/Pods-ZFScanCode-frameworks.sh\"\n";
			showEnvVarsInLog = 0;
		};
/* End PBXShellScriptBuildPhase section */

/* Begin PBXSourcesBuildPhase section */
		18CEF73C1C8EAA9000462665 /* Sources */ = {
			isa = PBXSourcesBuildPhase;
			buildActionMask = 2147483647;
			files = (
				18CEF78A1C8EAAA200462665 /* ZFScanViewController.m in Sources */,
				18CEF74B1C8EAA9000462665 /* ScanViewController.m in Sources */,
				1892085F1EC04A5E00245FAD /* ZFConst.m in Sources */,
				1892086A1EC04B2600245FAD /* UIImage+Zirkfied.m in Sources */,
				18CEF7481C8EAA9000462665 /* AppDelegate.m in Sources */,
				1892086E1EC04B9B00245FAD /* UIColor+Zirkfied.m in Sources */,
				CBEC4ED51F2058D90042F9D8 /* UIViewController+DXKit.m in Sources */,
				18CEF7451C8EAA9000462665 /* main.m in Sources */,
				189208641EC04AA900245FAD /* ZFMaskView.m in Sources */,
			);
			runOnlyForDeploymentPostprocessing = 0;
		};
		18CEF7551C8EAA9000462665 /* Sources */ = {
			isa = PBXSourcesBuildPhase;
			buildActionMask = 2147483647;
			files = (
				18CEF75E1C8EAA9000462665 /* ZFScanCodeTests.m in Sources */,
				1892086B1EC04B2600245FAD /* UIImage+Zirkfied.m in Sources */,
				1892086F1EC04B9B00245FAD /* UIColor+Zirkfied.m in Sources */,
				189208651EC04AA900245FAD /* ZFMaskView.m in Sources */,
				189208601EC04A5E00245FAD /* ZFConst.m in Sources */,
			);
			runOnlyForDeploymentPostprocessing = 0;
		};
		18CEF7601C8EAA9000462665 /* Sources */ = {
			isa = PBXSourcesBuildPhase;
			buildActionMask = 2147483647;
			files = (
				18CEF7691C8EAA9000462665 /* ZFScanCodeUITests.m in Sources */,
			);
			runOnlyForDeploymentPostprocessing = 0;
		};
/* End PBXSourcesBuildPhase section */

/* Begin PBXTargetDependency section */
		18CEF75B1C8EAA9000462665 /* PBXTargetDependency */ = {
			isa = PBXTargetDependency;
			target = 18CEF73F1C8EAA9000462665 /* ZFScanCode */;
			targetProxy = 18CEF75A1C8EAA9000462665 /* PBXContainerItemProxy */;
		};
		18CEF7661C8EAA9000462665 /* PBXTargetDependency */ = {
			isa = PBXTargetDependency;
			target = 18CEF73F1C8EAA9000462665 /* ZFScanCode */;
			targetProxy = 18CEF7651C8EAA9000462665 /* PBXContainerItemProxy */;
		};
/* End PBXTargetDependency section */

/* Begin PBXVariantGroup section */
		18CEF74C1C8EAA9000462665 /* Main.storyboard */ = {
			isa = PBXVariantGroup;
			children = (
				18CEF74D1C8EAA9000462665 /* Base */,
			);
			name = Main.storyboard;
			sourceTree = "<group>";
		};
		18CEF7511C8EAA9000462665 /* LaunchScreen.storyboard */ = {
			isa = PBXVariantGroup;
			children = (
				18CEF7521C8EAA9000462665 /* Base */,
			);
			name = LaunchScreen.storyboard;
			sourceTree = "<group>";
		};
/* End PBXVariantGroup section */

/* Begin XCBuildConfiguration section */
		18CEF76B1C8EAA9000462665 /* Debug */ = {
			isa = XCBuildConfiguration;
			buildSettings = {
				ALWAYS_SEARCH_USER_PATHS = NO;
				CLANG_CXX_LANGUAGE_STANDARD = "gnu++0x";
				CLANG_CXX_LIBRARY = "libc++";
				CLANG_ENABLE_MODULES = YES;
				CLANG_ENABLE_OBJC_ARC = YES;
				CLANG_WARN_BOOL_CONVERSION = YES;
				CLANG_WARN_CONSTANT_CONVERSION = YES;
				CLANG_WARN_DIRECT_OBJC_ISA_USAGE = YES_ERROR;
				CLANG_WARN_EMPTY_BODY = YES;
				CLANG_WARN_ENUM_CONVERSION = YES;
				CLANG_WARN_INT_CONVERSION = YES;
				CLANG_WARN_OBJC_ROOT_CLASS = YES_ERROR;
				CLANG_WARN_UNREACHABLE_CODE = YES;
				CLANG_WARN__DUPLICATE_METHOD_MATCH = YES;
				"CODE_SIGN_IDENTITY[sdk=iphoneos*]" = "iPhone Developer";
				COPY_PHASE_STRIP = NO;
				DEBUG_INFORMATION_FORMAT = dwarf;
				ENABLE_STRICT_OBJC_MSGSEND = YES;
				ENABLE_TESTABILITY = YES;
				GCC_C_LANGUAGE_STANDARD = gnu99;
				GCC_DYNAMIC_NO_PIC = NO;
				GCC_NO_COMMON_BLOCKS = YES;
				GCC_OPTIMIZATION_LEVEL = 0;
				GCC_PREPROCESSOR_DEFINITIONS = (
					"DEBUG=1",
					"$(inherited)",
				);
				GCC_WARN_64_TO_32_BIT_CONVERSION = YES;
				GCC_WARN_ABOUT_RETURN_TYPE = YES_ERROR;
				GCC_WARN_UNDECLARED_SELECTOR = YES;
				GCC_WARN_UNINITIALIZED_AUTOS = YES_AGGRESSIVE;
				GCC_WARN_UNUSED_FUNCTION = YES;
				GCC_WARN_UNUSED_VARIABLE = YES;
				IPHONEOS_DEPLOYMENT_TARGET = 9.2;
				MTL_ENABLE_DEBUG_INFO = YES;
				ONLY_ACTIVE_ARCH = YES;
				SDKROOT = iphoneos;
				TARGETED_DEVICE_FAMILY = "1,2";
			};
			name = Debug;
		};
		18CEF76C1C8EAA9000462665 /* Release */ = {
			isa = XCBuildConfiguration;
			buildSettings = {
				ALWAYS_SEARCH_USER_PATHS = NO;
				CLANG_CXX_LANGUAGE_STANDARD = "gnu++0x";
				CLANG_CXX_LIBRARY = "libc++";
				CLANG_ENABLE_MODULES = YES;
				CLANG_ENABLE_OBJC_ARC = YES;
				CLANG_WARN_BOOL_CONVERSION = YES;
				CLANG_WARN_CONSTANT_CONVERSION = YES;
				CLANG_WARN_DIRECT_OBJC_ISA_USAGE = YES_ERROR;
				CLANG_WARN_EMPTY_BODY = YES;
				CLANG_WARN_ENUM_CONVERSION = YES;
				CLANG_WARN_INT_CONVERSION = YES;
				CLANG_WARN_OBJC_ROOT_CLASS = YES_ERROR;
				CLANG_WARN_UNREACHABLE_CODE = YES;
				CLANG_WARN__DUPLICATE_METHOD_MATCH = YES;
				"CODE_SIGN_IDENTITY[sdk=iphoneos*]" = "iPhone Developer";
				COPY_PHASE_STRIP = NO;
				DEBUG_INFORMATION_FORMAT = "dwarf-with-dsym";
				ENABLE_NS_ASSERTIONS = NO;
				ENABLE_STRICT_OBJC_MSGSEND = YES;
				GCC_C_LANGUAGE_STANDARD = gnu99;
				GCC_NO_COMMON_BLOCKS = YES;
				GCC_WARN_64_TO_32_BIT_CONVERSION = YES;
				GCC_WARN_ABOUT_RETURN_TYPE = YES_ERROR;
				GCC_WARN_UNDECLARED_SELECTOR = YES;
				GCC_WARN_UNINITIALIZED_AUTOS = YES_AGGRESSIVE;
				GCC_WARN_UNUSED_FUNCTION = YES;
				GCC_WARN_UNUSED_VARIABLE = YES;
				IPHONEOS_DEPLOYMENT_TARGET = 9.2;
				MTL_ENABLE_DEBUG_INFO = NO;
				SDKROOT = iphoneos;
				TARGETED_DEVICE_FAMILY = "1,2";
				VALIDATE_PRODUCT = YES;
			};
			name = Release;
		};
		18CEF76E1C8EAA9000462665 /* Debug */ = {
			isa = XCBuildConfiguration;
			baseConfigurationReference = F7262D3E1E07F710C72C303F /* Pods-ZFScanCode.debug.xcconfig */;
			buildSettings = {
				ASSETCATALOG_COMPILER_APPICON_NAME = AppIcon;
				CODE_SIGN_IDENTITY = "iPhone Developer";
				CODE_SIGN_STYLE = Manual;
				DEVELOPMENT_TEAM = EC6FBWH346;
				ENABLE_BITCODE = NO;
				FRAMEWORK_SEARCH_PATHS = "/Users/news365-macpro/Desktop/sdk";
				INFOPLIST_FILE = ZFScanCode/Info.plist;
				LD_RUNPATH_SEARCH_PATHS = "$(inherited) @executable_path/Frameworks";
				OTHER_LDFLAGS = (
					"-lstdc++",
					"$(inherited)",
				);
				PRODUCT_BUNDLE_IDENTIFIER = "com.intelligent-earnings.test";
				PRODUCT_NAME = "$(TARGET_NAME)";
				PROVISIONING_PROFILE_SPECIFIER = scanProfile;
			};
			name = Debug;
		};
		18CEF76F1C8EAA9000462665 /* Release */ = {
			isa = XCBuildConfiguration;
			baseConfigurationReference = E1353A8F5443570D4C0F8A85 /* Pods-ZFScanCode.release.xcconfig */;
			buildSettings = {
				ASSETCATALOG_COMPILER_APPICON_NAME = AppIcon;
				CODE_SIGN_IDENTITY = "iPhone Developer";
				CODE_SIGN_STYLE = Manual;
				DEVELOPMENT_TEAM = "";
				ENABLE_BITCODE = NO;
				FRAMEWORK_SEARCH_PATHS = "/Users/news365-macpro/Desktop/sdk";
				INFOPLIST_FILE = ZFScanCode/Info.plist;
				LD_RUNPATH_SEARCH_PATHS = "$(inherited) @executable_path/Frameworks";
				OTHER_LDFLAGS = (
					"-lstdc++",
					"$(inherited)",
				);
				PRODUCT_BUNDLE_IDENTIFIER = "com.intelligent-earnings.test";
				PRODUCT_NAME = "$(TARGET_NAME)";
				PROVISIONING_PROFILE_SPECIFIER = "";
			};
			name = Release;
		};
		18CEF7711C8EAA9000462665 /* Debug */ = {
			isa = XCBuildConfiguration;
			baseConfigurationReference = 21B0E719F8CFBB13928C7808 /* Pods-ZFScanCodeTests.debug.xcconfig */;
			buildSettings = {
				BUNDLE_LOADER = "$(TEST_HOST)";
				INFOPLIST_FILE = ZFScanCodeTests/Info.plist;
				LD_RUNPATH_SEARCH_PATHS = "$(inherited) @executable_path/Frameworks @loader_path/Frameworks";
				PRODUCT_BUNDLE_IDENTIFIER = Zirkfied.ZFScanCodeTests;
				PRODUCT_NAME = "$(TARGET_NAME)";
				TEST_HOST = "$(BUILT_PRODUCTS_DIR)/ZFScanCode.app/ZFScanCode";
			};
			name = Debug;
		};
		18CEF7721C8EAA9000462665 /* Release */ = {
			isa = XCBuildConfiguration;
			baseConfigurationReference = 37CBE9AADE4D2A200E2A0B03 /* Pods-ZFScanCodeTests.release.xcconfig */;
			buildSettings = {
				BUNDLE_LOADER = "$(TEST_HOST)";
				INFOPLIST_FILE = ZFScanCodeTests/Info.plist;
				LD_RUNPATH_SEARCH_PATHS = "$(inherited) @executable_path/Frameworks @loader_path/Frameworks";
				PRODUCT_BUNDLE_IDENTIFIER = Zirkfied.ZFScanCodeTests;
				PRODUCT_NAME = "$(TARGET_NAME)";
				TEST_HOST = "$(BUILT_PRODUCTS_DIR)/ZFScanCode.app/ZFScanCode";
			};
			name = Release;
		};
		18CEF7741C8EAA9000462665 /* Debug */ = {
			isa = XCBuildConfiguration;
			baseConfigurationReference = A4938A8C389F180B497A34FA /* Pods-ZFScanCodeUITests.debug.xcconfig */;
			buildSettings = {
				INFOPLIST_FILE = ZFScanCodeUITests/Info.plist;
				LD_RUNPATH_SEARCH_PATHS = "$(inherited) @executable_path/Frameworks @loader_path/Frameworks";
				PRODUCT_BUNDLE_IDENTIFIER = Zirkfied.ZFScanCodeUITests;
				PRODUCT_NAME = "$(TARGET_NAME)";
				TEST_TARGET_NAME = ZFScanCode;
				USES_XCTRUNNER = YES;
			};
			name = Debug;
		};
		18CEF7751C8EAA9000462665 /* Release */ = {
			isa = XCBuildConfiguration;
			baseConfigurationReference = 7A72705ED0B5EDBA98660C43 /* Pods-ZFScanCodeUITests.release.xcconfig */;
			buildSettings = {
				INFOPLIST_FILE = ZFScanCodeUITests/Info.plist;
				LD_RUNPATH_SEARCH_PATHS = "$(inherited) @executable_path/Frameworks @loader_path/Frameworks";
				PRODUCT_BUNDLE_IDENTIFIER = Zirkfied.ZFScanCodeUITests;
				PRODUCT_NAME = "$(TARGET_NAME)";
				TEST_TARGET_NAME = ZFScanCode;
				USES_XCTRUNNER = YES;
			};
			name = Release;
		};
/* End XCBuildConfiguration section */

/* Begin XCConfigurationList section */
		18CEF73B1C8EAA9000462665 /* Build configuration list for PBXProject "ZFScanCode" */ = {
			isa = XCConfigurationList;
			buildConfigurations = (
				18CEF76B1C8EAA9000462665 /* Debug */,
				18CEF76C1C8EAA9000462665 /* Release */,
			);
			defaultConfigurationIsVisible = 0;
			defaultConfigurationName = Release;
		};
		18CEF76D1C8EAA9000462665 /* Build configuration list for PBXNativeTarget "ZFScanCode" */ = {
			isa = XCConfigurationList;
			buildConfigurations = (
				18CEF76E1C8EAA9000462665 /* Debug */,
				18CEF76F1C8EAA9000462665 /* Release */,
			);
			defaultConfigurationIsVisible = 0;
			defaultConfigurationName = Release;
		};
		18CEF7701C8EAA9000462665 /* Build configuration list for PBXNativeTarget "ZFScanCodeTests" */ = {
			isa = XCConfigurationList;
			buildConfigurations = (
				18CEF7711C8EAA9000462665 /* Debug */,
				18CEF7721C8EAA9000462665 /* Release */,
			);
			defaultConfigurationIsVisible = 0;
			defaultConfigurationName = Release;
		};
		18CEF7731C8EAA9000462665 /* Build configuration list for PBXNativeTarget "ZFScanCodeUITests" */ = {
			isa = XCConfigurationList;
			buildConfigurations = (
				18CEF7741C8EAA9000462665 /* Debug */,
				18CEF7751C8EAA9000462665 /* Release */,
			);
			defaultConfigurationIsVisible = 0;
			defaultConfigurationName = Release;
		};
/* End XCConfigurationList section */
	};
	rootObject = 18CEF7381C8EAA9000462665 /* Project object */;
}
